
Microsoft Visual Studio Solution File, Format Version 12.00
# Visual Studio Version 17
VisualStudioVersion = 17.4.33213.308
MinimumVisualStudioVersion = 10.0.40219.1
Project("{FAE04EC0-301F-11D3-BF4B-00C04F79EFBC}") = "ASPNET_FP", "ASPNET_FP\ASPNET_FP.csproj", "{34F5014D-5138-41E1-9E7C-1E7BEA0FC3DC}"
EndProject
Global
	GlobalSection(SolutionConfigurationPlatforms) = preSolution
		Debug|Any CPU = Debug|Any CPU
		Release|Any CPU = Release|Any CPU
	EndGlobalSection
	GlobalSection(ProjectConfigurationPlatforms) = postSolution
		{34F5014D-5138-41E1-9E7C-1E7BEA0FC3DC}.Debug|Any CPU.ActiveCfg = Debug|Any CPU
		{34F5014D-5138-41E1-9E7C-1E7BEA0FC3DC}.Debug|Any CPU.Build.0 = Debug|Any CPU
		{34F5014D-5138-41E1-9E7C-1E7BEA0FC3DC}.Release|Any CPU.ActiveCfg = Release|Any CPU
		{34F5014D-5138-41E1-9E7C-1E7BEA0FC3DC}.Release|Any CPU.Build.0 = Release|Any CPU
	EndGlobalSection
	GlobalSection(SolutionProperties) = preSolution
		HideSolutionNode = FALSE
	EndGlobalSection
	GlobalSection(ExtensibilityGlobals) = postSolution
		SolutionGuid = {03160C89-2E0B-4847-92E4-A157E3A7B3C7}
	EndGlobalSection
EndGlobal
